// !$*UTF8*$!
{
	archiveVersion = 1;
	classes = {
	};
	objectVersion = 77;
	objects = {

/* Begin PBXBuildFile section */
		A10000012E3A000000000001 /* FirebaseCore in Frameworks */ = {isa = PBXBuildFile; productRef = A20000012E3A000000000001 /* FirebaseCore */; };
		A10000012E3A000000000002 /* FirebaseAuth in Frameworks */ = {isa = PBXBuildFile; productRef = A20000012E3A000000000002 /* FirebaseAuth */; };
		A10000012E3A000000000003 /* FirebaseFirestore in Frameworks */ = {isa = PBXBuildFile; productRef = A20000012E3A000000000003 /* FirebaseFirestore */; };
		A10000012E3A000000000004 /* FirebaseStorage in Frameworks */ = {isa = PBXBuildFile; productRef = A20000012E3A000000000004 /* FirebaseStorage */; };
		A10000012E3A000000000005 /* FirebaseAnalytics in Frameworks */ = {isa = PBXBuildFile; productRef = A20000012E3A000000000005 /* FirebaseAnalytics */; };
		4355D68147DB4B32B8CC3C38 /* SylyoWidgets.appex in Embed Foundation Extensions */ = {isa = PBXBuildFile; fileRef = 1BC920C6668041EF96C1148A /* SylyoWidgets.appex */; settings = {ATTRIBUTES = (RemoveHeadersOnCopy, ); }; };
/* End PBXBuildFile section */

/* Begin PBXContainerItemProxy section */
		53DB97D98A24458CBCFCDA7B /* PBXContainerItemProxy */ = {
			isa = PBXContainerItemProxy;
			containerPortal = B1F22C2C2DDF4B7600B1186F /* Project object */;
			proxyType = 1;
			remoteGlobalIDString = A71CCD13486F4257AACB71AB;
			remoteInfo = SylyoWidgets;
		};
/* End PBXContainerItemProxy section */

/* Begin PBXCopyFilesBuildPhase section */
		B13858BF823F4D2DB845E3DB /* Embed Foundation Extensions */ = {
			isa = PBXCopyFilesBuildPhase;
			buildActionMask = 2147483647;
			dstPath = "";
			dstSubfolderSpec = 13;
			files = (
				4355D68147DB4B32B8CC3C38 /* SylyoWidgets.appex in Embed Foundation Extensions */,
			);
			name = "Embed Foundation Extensions";
			runOnlyForDeploymentPostprocessing = 0;
		};
/* End PBXCopyFilesBuildPhase section */

/* Begin PBXFileReference section */
		B1F22C342DDF4B7600B1186F /* fashionapp.app */ = {isa = PBXFileReference; explicitFileType = wrapper.application; includeInIndex = 0; path = fashionapp.app; sourceTree = BUILT_PRODUCTS_DIR; };
		1BC920C6668041EF96C1148A /* SylyoWidgets.appex */ = {isa = PBXFileReference; explicitFileType = "wrapper.app-extension"; includeInIndex = 0; path = SylyoWidgets.appex; sourceTree = BUILT_PRODUCTS_DIR; };
/* End PBXFileReference section */

/* Begin PBXFileSystemSynchronizedBuildFileExceptionSet section */
		B1F22C442DDF4B7600B1186F /* Exceptions for "fashionapp" folder in "fashionapp" target */ = {
			isa = PBXFileSystemSynchronizedBuildFileExceptionSet;
			membershipExceptions = (
				GoogleService-Info.plist.example,
				Info.plist,
			);
			target = B1F22C332DDF4B7600B1186F /* fashionapp */;
		};
		05459CE53BD04F3EBFF267A7 /* Exceptions for "SylyoWidgets" folder in "SylyoWidgets" target */ = {
			isa = PBXFileSystemSynchronizedBuildFileExceptionSet;
			membershipExceptions = (
				Info.plist,
			);
			target = A71CCD13486F4257AACB71AB /* SylyoWidgets */;
		};
/* End PBXFileSystemSynchronizedBuildFileExceptionSet section */

/* Begin PBXFileSystemSynchronizedRootGroup section */
		B1F22C362DDF4B7600B1186F /* fashionapp */ = {
			isa = PBXFileSystemSynchronizedRootGroup;
			exceptions = (
				B1F22C442DDF4B7600B1186F /* Exceptions for "fashionapp" folder in "fashionapp" target */,
			);
			path = fashionapp;
			sourceTree = "<group>";
		};
		C373E15D541F424F839AB373 /* SylyoWidgets */ = {
			isa = PBXFileSystemSynchronizedRootGroup;
			exceptions = (
				05459CE53BD04F3EBFF267A7 /* Exceptions for "SylyoWidgets" folder in "SylyoWidgets" target */,
			);
			path = SylyoWidgets;
			sourceTree = "<group>";
		};
/* End PBXFileSystemSynchronizedRootGroup section */

/* Begin PBXFrameworksBuildPhase section */
		B1F22C312DDF4B7600B1186F /* Frameworks */ = {
			isa = PBXFrameworksBuildPhase;
			buildActionMask = 2147483647;
			files = (
				A10000012E3A000000000001 /* FirebaseCore in Frameworks */,
				A10000012E3A000000000002 /* FirebaseAuth in Frameworks */,
				A10000012E3A000000000003 /* FirebaseFirestore in Frameworks */,
				A10000012E3A000000000004 /* FirebaseStorage in Frameworks */,
				A10000012E3A000000000005 /* FirebaseAnalytics in Frameworks */,
			);
			runOnlyForDeploymentPostprocessing = 0;
		};
		D0F469787238497BB1E24A95 /* Frameworks */ = {
			isa = PBXFrameworksBuildPhase;
			buildActionMask = 2147483647;
			files = (
			);
			runOnlyForDeploymentPostprocessing = 0;
		};
/* End PBXFrameworksBuildPhase section */

/* Begin PBXGroup section */
		B1F22C2B2DDF4B7600B1186F = {
			isa = PBXGroup;
			children = (
				B1F22C362DDF4B7600B1186F /* fashionapp */,
				C373E15D541F424F839AB373 /* SylyoWidgets */,
				B1F22C352DDF4B7600B1186F /* Products */,
			);
			sourceTree = "<group>";
		};
		B1F22C352DDF4B7600B1186F /* Products */ = {
			isa = PBXGroup;
			children = (
				B1F22C342DDF4B7600B1186F /* fashionapp.app */,
				1BC920C6668041EF96C1148A /* SylyoWidgets.appex */,
			);
			name = Products;
			sourceTree = "<group>";
		};
/* End PBXGroup section */

/* Begin PBXNativeTarget section */
		B1F22C332DDF4B7600B1186F /* fashionapp */ = {
			isa = PBXNativeTarget;
			buildConfigurationList = B1F22C452DDF4B7600B1186F /* Build configuration list for PBXNativeTarget "fashionapp" */;
			buildPhases = (
				B1F22C302DDF4B7600B1186F /* Sources */,
				B1F22C312DDF4B7600B1186F /* Frameworks */,
				B1F22C322DDF4B7600B1186F /* Resources */,
				B13858BF823F4D2DB845E3DB /* Embed Foundation Extensions */,
			);
			buildRules = (
			);
			dependencies = (
				1301883F532243EEB8F55009 /* PBXTargetDependency */,
			);
			fileSystemSynchronizedGroups = (
				B1F22C362DDF4B7600B1186F /* fashionapp */,
			);
			name = fashionapp;
			packageProductDependencies = (
				A20000012E3A000000000001 /* FirebaseCore */,
				A20000012E3A000000000002 /* FirebaseAuth */,
				A20000012E3A000000000003 /* FirebaseFirestore */,
				A20000012E3A000000000004 /* FirebaseStorage */,
				A20000012E3A000000000005 /* FirebaseAnalytics */,
			);
			productName = fashionapp;
			productReference = B1F22C342DDF4B7600B1186F /* fashionapp.app */;
			productType = "com.apple.product-type.application";
		};
		A71CCD13486F4257AACB71AB /* SylyoWidgets */ = {
			isa = PBXNativeTarget;
			buildConfigurationList = 66D20AAA890344708436E9D0 /* Build configuration list for PBXNativeTarget "SylyoWidgets" */;
			buildPhases = (
				4B00D15C4D5A41119FC571A4 /* Sources */,
				D0F469787238497BB1E24A95 /* Frameworks */,
				A5EA9B60B52F40E2BFF8EC05 /* Resources */,
			);
			buildRules = (
			);
			dependencies = (
			);
			fileSystemSynchronizedGroups = (
				C373E15D541F424F839AB373 /* SylyoWidgets */,
			);
			name = SylyoWidgets;
			packageProductDependencies = (
			);
			productName = SylyoWidgets;
			productReference = 1BC920C6668041EF96C1148A /* SylyoWidgets.appex */;
			productType = "com.apple.product-type.app-extension";
		};
/* End PBXNativeTarget section */

/* Begin PBXProject section */
		B1F22C2C2DDF4B7600B1186F /* Project object */ = {
			isa = PBXProject;
			attributes = {
				BuildIndependentTargetsInParallel = 1;
				LastSwiftUpdateCheck = 2640;
				LastUpgradeCheck = 2640;
				TargetAttributes = {
					B1F22C332DDF4B7600B1186F = {
						CreatedOnToolsVersion = 16.1;
					};
					A71CCD13486F4257AACB71AB = {
						CreatedOnToolsVersion = 16.1;
					};
				};
			};
			buildConfigurationList = B1F22C2F2DDF4B7600B1186F /* Build configuration list for PBXProject "fashionapp" */;
			developmentRegion = en;
			hasScannedForEncodings = 0;
			knownRegions = (
				en,
				Base,
				it,
			);
			mainGroup = B1F22C2B2DDF4B7600B1186F;
			minimizedProjectReferenceProxies = 1;
			packageReferences = (
				A30000012E3A000000000001 /* XCRemoteSwiftPackageReference "firebase-ios-sdk" */,
			);
			preferredProjectObjectVersion = 77;
			productRefGroup = B1F22C352DDF4B7600B1186F /* Products */;
			projectDirPath = "";
			projectRoot = "";
			targets = (
				B1F22C332DDF4B7600B1186F /* fashionapp */,
				A71CCD13486F4257AACB71AB /* SylyoWidgets */,
			);
		};
/* End PBXProject section */

/* Begin PBXResourcesBuildPhase section */
		B1F22C322DDF4B7600B1186F /* Resources */ = {
			isa = PBXResourcesBuildPhase;
			buildActionMask = 2147483647;
			files = (
			);
			runOnlyForDeploymentPostprocessing = 0;
		};
		A5EA9B60B52F40E2BFF8EC05 /* Resources */ = {
			isa = PBXResourcesBuildPhase;
			buildActionMask = 2147483647;
			files = (
			);
			runOnlyForDeploymentPostprocessing = 0;
		};
/* End PBXResourcesBuildPhase section */

/* Begin PBXSourcesBuildPhase section */
		B1F22C302DDF4B7600B1186F /* Sources */ = {
			isa = PBXSourcesBuildPhase;
			buildActionMask = 2147483647;
			files = (
			);
			runOnlyForDeploymentPostprocessing = 0;
		};
		4B00D15C4D5A41119FC571A4 /* Sources */ = {
			isa = PBXSourcesBuildPhase;
			buildActionMask = 2147483647;
			files = (
			);
			runOnlyForDeploymentPostprocessing = 0;
		};
/* End PBXSourcesBuildPhase section */

/* Begin PBXTargetDependency section */
		1301883F532243EEB8F55009 /* PBXTargetDependency */ = {
			isa = PBXTargetDependency;
			target = A71CCD13486F4257AACB71AB /* SylyoWidgets */;
			targetProxy = 53DB97D98A24458CBCFCDA7B /* PBXContainerItemProxy */;
		};
/* End PBXTargetDependency section */

/* Begin XCBuildConfiguration section */
		B1F22C462DDF4B7600B1186F /* Debug */ = {
			isa = XCBuildConfiguration;
			buildSettings = {
				ASSETCATALOG_COMPILER_APPICON_NAME = AppIcon;
				ASSETCATALOG_COMPILER_GLOBAL_ACCENT_COLOR_NAME = AccentColor;
				CODE_SIGN_ENTITLEMENTS = fashionapp/fashionapp.entitlements;
				CODE_SIGN_STYLE = Automatic;
				CURRENT_PROJECT_VERSION = 3;
				DEVELOPMENT_ASSET_PATHS = "\"fashionapp/Preview Content\"";
				DEVELOPMENT_TEAM = T76V4FRBSW;
				ENABLE_PREVIEWS = YES;
				GENERATE_INFOPLIST_FILE = YES;
				INFOPLIST_FILE = fashionapp/Info.plist;
				INFOPLIST_KEY_CFBundleDisplayName = Sylyo;
				INFOPLIST_KEY_LSApplicationCategoryType = "public.app-category.lifestyle";
				INFOPLIST_KEY_NSCameraUsageDescription = "Sylyo uses the camera to photograph clothing items for your wardrobe. Photos stay in your account.";
				INFOPLIST_KEY_NSLocationWhenInUseUsageDescription = "Sylyo uses your location only while the app is open to show local weather for outfit ideas.";
				INFOPLIST_KEY_NSPhotoLibraryUsageDescription = "Sylyo accesses photos you choose so you can add clothing from your library to your wardrobe.";
				INFOPLIST_KEY_UIApplicationSceneManifest_Generation = YES;
				INFOPLIST_KEY_UIApplicationSupportsIndirectInputEvents = YES;
				INFOPLIST_KEY_UILaunchScreen_Generation = YES;
				INFOPLIST_KEY_UISupportedInterfaceOrientations = UIInterfaceOrientationPortrait;
				IPHONEOS_DEPLOYMENT_TARGET = 18.0;
				LD_RUNPATH_SEARCH_PATHS = (
					"$(inherited)",
					"@executable_path/Frameworks",
				);
				MARKETING_VERSION = 1.1.0;
				PRODUCT_BUNDLE_IDENTIFIER = apple.academy.stylo;
				PRODUCT_NAME = "$(TARGET_NAME)";
				SUPPORTED_PLATFORMS = "iphoneos iphonesimulator";
				SUPPORTS_MACCATALYST = NO;
				SUPPORTS_MAC_DESIGNED_FOR_IPHONE_IPAD = NO;
				SUPPORTS_XR_DESIGNED_FOR_IPHONE_IPAD = NO;
				SWIFT_EMIT_LOC_STRINGS = YES;
				SWIFT_VERSION = 5.0;
				TARGETED_DEVICE_FAMILY = 1;
			};
			name = Debug;
		};
		B1F22C472DDF4B7600B1186F /* Release */ = {
			isa = XCBuildConfiguration;
			buildSettings = {
				ASSETCATALOG_COMPILER_APPICON_NAME = AppIcon;
				ASSETCATALOG_COMPILER_GLOBAL_ACCENT_COLOR_NAME = AccentColor;
				CODE_SIGN_ENTITLEMENTS = fashionapp/fashionapp.entitlements;
				CODE_SIGN_STYLE = Automatic;
				CURRENT_PROJECT_VERSION = 3;
				DEVELOPMENT_ASSET_PATHS = "\"fashionapp/Preview Content\"";
				DEVELOPMENT_TEAM = T76V4FRBSW;
				ENABLE_PREVIEWS = YES;
				GENERATE_INFOPLIST_FILE = YES;
				INFOPLIST_FILE = fashionapp/Info.plist;
				INFOPLIST_KEY_CFBundleDisplayName = Sylyo;
				INFOPLIST_KEY_LSApplicationCategoryType = "public.app-category.lifestyle";
				INFOPLIST_KEY_NSCameraUsageDescription = "Sylyo uses the camera to photograph clothing items for your wardrobe. Photos stay in your account.";
				INFOPLIST_KEY_NSLocationWhenInUseUsageDescription = "Sylyo uses your location only while the app is open to show local weather for outfit ideas.";
				INFOPLIST_KEY_NSPhotoLibraryUsageDescription = "Sylyo accesses photos you choose so you can add clothing from your library to your wardrobe.";
				INFOPLIST_KEY_UIApplicationSceneManifest_Generation = YES;
				INFOPLIST_KEY_UIApplicationSupportsIndirectInputEvents = YES;
				INFOPLIST_KEY_UILaunchScreen_Generation = YES;
				INFOPLIST_KEY_UISupportedInterfaceOrientations = UIInterfaceOrientationPortrait;
				IPHONEOS_DEPLOYMENT_TARGET = 18.0;
				LD_RUNPATH_SEARCH_PATHS = (
					"$(inherited)",
					"@executable_path/Frameworks",
				);
				MARKETING_VERSION = 1.1.0;
				PRODUCT_BUNDLE_IDENTIFIER = apple.academy.stylo;
				PRODUCT_NAME = "$(TARGET_NAME)";
				SUPPORTED_PLATFORMS = "iphoneos iphonesimulator";
				SUPPORTS_MACCATALYST = NO;
				SUPPORTS_MAC_DESIGNED_FOR_IPHONE_IPAD = NO;
				SUPPORTS_XR_DESIGNED_FOR_IPHONE_IPAD = NO;
				SWIFT_EMIT_LOC_STRINGS = YES;
				SWIFT_VERSION = 5.0;
				TARGETED_DEVICE_FAMILY = 1;
			};
			name = Release;
		};
		B1F22C482DDF4B7600B1186F /* Debug */ = {
			isa = XCBuildConfiguration;
			buildSettings = {
				ALWAYS_SEARCH_USER_PATHS = NO;
				ASSETCATALOG_COMPILER_GENERATE_SWIFT_ASSET_SYMBOL_EXTENSIONS = YES;
				CLANG_ANALYZER_NONNULL = YES;
				CLANG_ANALYZER_NUMBER_OBJECT_CONVERSION = YES_AGGRESSIVE;
				CLANG_CXX_LANGUAGE_STANDARD = "gnu++20";
				CLANG_ENABLE_MODULES = YES;
				CLANG_ENABLE_OBJC_ARC = YES;
				CLANG_ENABLE_OBJC_WEAK = YES;
				CLANG_WARN_BLOCK_CAPTURE_AUTORELEASING = YES;
				CLANG_WARN_BOOL_CONVERSION = YES;
				CLANG_WARN_COMMA = YES;
				CLANG_WARN_CONSTANT_CONVERSION = YES;
				CLANG_WARN_DEPRECATED_OBJC_IMPLEMENTATIONS = YES;
				CLANG_WARN_DIRECT_OBJC_ISA_USAGE = YES_ERROR;
				CLANG_WARN_DOCUMENTATION_COMMENTS = YES;
				CLANG_WARN_EMPTY_BODY = YES;
				CLANG_WARN_ENUM_CONVERSION = YES;
				CLANG_WARN_INFINITE_RECURSION = YES;
				CLANG_WARN_INT_CONVERSION = YES;
				CLANG_WARN_NON_LITERAL_NULL_CONVERSION = YES;
				CLANG_WARN_OBJC_IMPLICIT_RETAIN_SELF = YES;
				CLANG_WARN_OBJC_LITERAL_CONVERSION = YES;
				CLANG_WARN_OBJC_ROOT_CLASS = YES_ERROR;
				CLANG_WARN_QUOTED_INCLUDE_IN_FRAMEWORK_HEADER = YES;
				CLANG_WARN_RANGE_LOOP_ANALYSIS = YES;
				CLANG_WARN_STRICT_PROTOTYPES = YES;
				CLANG_WARN_SUSPICIOUS_MOVE = YES;
				CLANG_WARN_UNGUARDED_AVAILABILITY = YES_AGGRESSIVE;
				CLANG_WARN_UNREACHABLE_CODE = YES;
				CLANG_WARN__DUPLICATE_METHOD_MATCH = YES;
				COPY_PHASE_STRIP = NO;
				DEAD_CODE_STRIPPING = YES;
				DEBUG_INFORMATION_FORMAT = dwarf;
				ENABLE_STRICT_OBJC_MSGSEND = YES;
				ENABLE_TESTABILITY = YES;
				ENABLE_USER_SCRIPT_SANDBOXING = YES;
				GCC_C_LANGUAGE_STANDARD = gnu17;
				GCC_DYNAMIC_NO_PIC = NO;
				GCC_NO_COMMON_BLOCKS = YES;
				GCC_OPTIMIZATION_LEVEL = 0;
				GCC_PREPROCESSOR_DEFINITIONS = (
					"DEBUG=1",
					"$(inherited)",
				);
				GCC_WARN_64_TO_32_BIT_CONVERSION = YES;
				GCC_WARN_ABOUT_RETURN_TYPE = YES_ERROR;
				GCC_WARN_UNDECLARED_SELECTOR = YES;
				GCC_WARN_UNINITIALIZED_AUTOS = YES_AGGRESSIVE;
				GCC_WARN_UNUSED_FUNCTION = YES;
				GCC_WARN_UNUSED_VARIABLE = YES;
				IPHONEOS_DEPLOYMENT_TARGET = 18.0;
				LOCALIZATION_PREFERS_STRING_CATALOGS = YES;
				MTL_ENABLE_DEBUG_INFO = INCLUDE_SOURCE;
				MTL_FAST_MATH = YES;
				ONLY_ACTIVE_ARCH = YES;
				SDKROOT = iphoneos;
				STRING_CATALOG_GENERATE_SYMBOLS = YES;
				SWIFT_ACTIVE_COMPILATION_CONDITIONS = "DEBUG $(inherited)";
				SWIFT_APPROACHABLE_CONCURRENCY = YES;
				SWIFT_OPTIMIZATION_LEVEL = "-Onone";
			};
			name = Debug;
		};
		B1F22C492DDF4B7600B1186F /* Release */ = {
			isa = XCBuildConfiguration;
			buildSettings = {
				ALWAYS_SEARCH_USER_PATHS = NO;
				ASSETCATALOG_COMPILER_GENERATE_SWIFT_ASSET_SYMBOL_EXTENSIONS = YES;
				CLANG_ANALYZER_NONNULL = YES;
				CLANG_ANALYZER_NUMBER_OBJECT_CONVERSION = YES_AGGRESSIVE;
				CLANG_CXX_LANGUAGE_STANDARD = "gnu++20";
				CLANG_ENABLE_MODULES = YES;
				CLANG_ENABLE_OBJC_ARC = YES;
				CLANG_ENABLE_OBJC_WEAK = YES;
				CLANG_WARN_BLOCK_CAPTURE_AUTORELEASING = YES;
				CLANG_WARN_BOOL_CONVERSION = YES;
				CLANG_WARN_COMMA = YES;
				CLANG_WARN_CONSTANT_CONVERSION = YES;
				CLANG_WARN_DEPRECATED_OBJC_IMPLEMENTATIONS = YES;
				CLANG_WARN_DIRECT_OBJC_ISA_USAGE = YES_ERROR;
				CLANG_WARN_DOCUMENTATION_COMMENTS = YES;
				CLANG_WARN_EMPTY_BODY = YES;
				CLANG_WARN_ENUM_CONVERSION = YES;
				CLANG_WARN_INFINITE_RECURSION = YES;
				CLANG_WARN_INT_CONVERSION = YES;
				CLANG_WARN_NON_LITERAL_NULL_CONVERSION = YES;
				CLANG_WARN_OBJC_IMPLICIT_RETAIN_SELF = YES;
				CLANG_WARN_OBJC_LITERAL_CONVERSION = YES;
				CLANG_WARN_OBJC_ROOT_CLASS = YES_ERROR;
				CLANG_WARN_QUOTED_INCLUDE_IN_FRAMEWORK_HEADER = YES;
				CLANG_WARN_RANGE_LOOP_ANALYSIS = YES;
				CLANG_WARN_STRICT_PROTOTYPES = YES;
				CLANG_WARN_SUSPICIOUS_MOVE = YES;
				CLANG_WARN_UNGUARDED_AVAILABILITY = YES_AGGRESSIVE;
				CLANG_WARN_UNREACHABLE_CODE = YES;
				CLANG_WARN__DUPLICATE_METHOD_MATCH = YES;
				COPY_PHASE_STRIP = NO;
				DEAD_CODE_STRIPPING = YES;
				DEBUG_INFORMATION_FORMAT = "dwarf-with-dsym";
				ENABLE_NS_ASSERTIONS = NO;
				ENABLE_STRICT_OBJC_MSGSEND = YES;
				ENABLE_USER_SCRIPT_SANDBOXING = YES;
				GCC_C_LANGUAGE_STANDARD = gnu17;
				GCC_NO_COMMON_BLOCKS = YES;
				GCC_WARN_64_TO_32_BIT_CONVERSION = YES;
				GCC_WARN_ABOUT_RETURN_TYPE = YES_ERROR;
				GCC_WARN_UNDECLARED_SELECTOR = YES;
				GCC_WARN_UNINITIALIZED_AUTOS = YES_AGGRESSIVE;
				GCC_WARN_UNUSED_FUNCTION = YES;
				GCC_WARN_UNUSED_VARIABLE = YES;
				IPHONEOS_DEPLOYMENT_TARGET = 18.0;
				LOCALIZATION_PREFERS_STRING_CATALOGS = YES;
				MTL_ENABLE_DEBUG_INFO = NO;
				MTL_FAST_MATH = YES;
				SDKROOT = iphoneos;
				STRING_CATALOG_GENERATE_SYMBOLS = YES;
				SWIFT_APPROACHABLE_CONCURRENCY = YES;
				SWIFT_COMPILATION_MODE = wholemodule;
				VALIDATE_PRODUCT = YES;
			};
			name = Release;
		};
		7EE8483E3EA94D6D8ED4F965 /* Debug */ = {
			isa = XCBuildConfiguration;
			buildSettings = {
				CODE_SIGN_ENTITLEMENTS = SylyoWidgets/SylyoWidgets.entitlements;
				CODE_SIGN_STYLE = Automatic;
				CURRENT_PROJECT_VERSION = 3;
				DEVELOPMENT_TEAM = T76V4FRBSW;
				GENERATE_INFOPLIST_FILE = YES;
				INFOPLIST_FILE = SylyoWidgets/Info.plist;
				INFOPLIST_KEY_CFBundleDisplayName = "Sylyo Widgets";
				INFOPLIST_KEY_NSHumanReadableCopyright = "";
				IPHONEOS_DEPLOYMENT_TARGET = 18.0;
				LD_RUNPATH_SEARCH_PATHS = (
					"$(inherited)",
					"@executable_path/Frameworks",
					"@executable_path/../../Frameworks",
				);
				MARKETING_VERSION = 1.1.0;
				PRODUCT_BUNDLE_IDENTIFIER = apple.academy.stylo.widgets;
				PRODUCT_NAME = "$(TARGET_NAME)";
				SKIP_INSTALL = YES;
				SUPPORTED_PLATFORMS = "iphoneos iphonesimulator";
				SUPPORTS_MACCATALYST = NO;
				SUPPORTS_MAC_DESIGNED_FOR_IPHONE_IPAD = NO;
				SUPPORTS_XR_DESIGNED_FOR_IPHONE_IPAD = NO;
				SWIFT_EMIT_LOC_STRINGS = YES;
				SWIFT_VERSION = 5.0;
				TARGETED_DEVICE_FAMILY = 1;
			};
			name = Debug;
		};
		79A8979207E94DDDBD0C2EE8 /* Release */ = {
			isa = XCBuildConfiguration;
			buildSettings = {
				CODE_SIGN_ENTITLEMENTS = SylyoWidgets/SylyoWidgets.entitlements;
				CODE_SIGN_STYLE = Automatic;
				CURRENT_PROJECT_VERSION = 3;
				DEVELOPMENT_TEAM = T76V4FRBSW;
				GENERATE_INFOPLIST_FILE = YES;
				INFOPLIST_FILE = SylyoWidgets/Info.plist;
				INFOPLIST_KEY_CFBundleDisplayName = "Sylyo Widgets";
				INFOPLIST_KEY_NSHumanReadableCopyright = "";
				IPHONEOS_DEPLOYMENT_TARGET = 18.0;
				LD_RUNPATH_SEARCH_PATHS = (
					"$(inherited)",
					"@executable_path/Frameworks",
					"@executable_path/../../Frameworks",
				);
				MARKETING_VERSION = 1.1.0;
				PRODUCT_BUNDLE_IDENTIFIER = apple.academy.stylo.widgets;
				PRODUCT_NAME = "$(TARGET_NAME)";
				SKIP_INSTALL = YES;
				SUPPORTED_PLATFORMS = "iphoneos iphonesimulator";
				SUPPORTS_MACCATALYST = NO;
				SUPPORTS_MAC_DESIGNED_FOR_IPHONE_IPAD = NO;
				SUPPORTS_XR_DESIGNED_FOR_IPHONE_IPAD = NO;
				SWIFT_EMIT_LOC_STRINGS = YES;
				SWIFT_VERSION = 5.0;
				TARGETED_DEVICE_FAMILY = 1;
			};
			name = Release;
		};
/* End XCBuildConfiguration section */

/* Begin XCConfigurationList section */
		B1F22C2F2DDF4B7600B1186F /* Build configuration list for PBXProject "fashionapp" */ = {
			isa = XCConfigurationList;
			buildConfigurations = (
				B1F22C482DDF4B7600B1186F /* Debug */,
				B1F22C492DDF4B7600B1186F /* Release */,
			);
			defaultConfigurationIsVisible = 0;
			defaultConfigurationName = Release;
		};
		B1F22C452DDF4B7600B1186F /* Build configuration list for PBXNativeTarget "fashionapp" */ = {
			isa = XCConfigurationList;
			buildConfigurations = (
				B1F22C462DDF4B7600B1186F /* Debug */,
				B1F22C472DDF4B7600B1186F /* Release */,
			);
			defaultConfigurationIsVisible = 0;
			defaultConfigurationName = Release;
		};
		66D20AAA890344708436E9D0 /* Build configuration list for PBXNativeTarget "SylyoWidgets" */ = {
			isa = XCConfigurationList;
			buildConfigurations = (
				7EE8483E3EA94D6D8ED4F965 /* Debug */,
				79A8979207E94DDDBD0C2EE8 /* Release */,
			);
			defaultConfigurationIsVisible = 0;
			defaultConfigurationName = Release;
		};
/* End XCConfigurationList section */

/* Begin XCRemoteSwiftPackageReference section */
		A30000012E3A000000000001 /* XCRemoteSwiftPackageReference "firebase-ios-sdk" */ = {
			isa = XCRemoteSwiftPackageReference;
			repositoryURL = "https://github.com/firebase/firebase-ios-sdk";
			requirement = {
				kind = upToNextMajorVersion;
				minimumVersion = 11.6.0;
			};
		};
/* End XCRemoteSwiftPackageReference section */

/* Begin XCSwiftPackageProductDependency section */
		A20000012E3A000000000001 /* FirebaseCore */ = {
			isa = XCSwiftPackageProductDependency;
			package = A30000012E3A000000000001 /* XCRemoteSwiftPackageReference "firebase-ios-sdk" */;
			productName = FirebaseCore;
		};
		A20000012E3A000000000002 /* FirebaseAuth */ = {
			isa = XCSwiftPackageProductDependency;
			package = A30000012E3A000000000001 /* XCRemoteSwiftPackageReference "firebase-ios-sdk" */;
			productName = FirebaseAuth;
		};
		A20000012E3A000000000003 /* FirebaseFirestore */ = {
			isa = XCSwiftPackageProductDependency;
			package = A30000012E3A000000000001 /* XCRemoteSwiftPackageReference "firebase-ios-sdk" */;
			productName = FirebaseFirestore;
		};
		A20000012E3A000000000004 /* FirebaseStorage */ = {
			isa = XCSwiftPackageProductDependency;
			package = A30000012E3A000000000001 /* XCRemoteSwiftPackageReference "firebase-ios-sdk" */;
			productName = FirebaseStorage;
		};
		A20000012E3A000000000005 /* FirebaseAnalytics */ = {
			isa = XCSwiftPackageProductDependency;
			package = A30000012E3A000000000001 /* XCRemoteSwiftPackageReference "firebase-ios-sdk" */;
			productName = FirebaseAnalytics;
		};
/* End XCSwiftPackageProductDependency section */
	};
	rootObject = B1F22C2C2DDF4B7600B1186F /* Project object */;
}
